
Microsoft Visual Studio Solution File, Format Version 12.00
# Visual Studio 15
Project("{FAE04EC0-301F-11D3-BF4B-00C04F79EFBC}") = "Assembly-CSharp", "Assembly-CSharp.csproj", "{D716466B-3742-56BD-3D3E-76503689CABD}"
EndProject
Global
	GlobalSection(SolutionConfigurationPlatforms) = preSolution
		Debug|Any CPU = Debug|Any CPU
		Release|Any CPU = Release|Any CPU
	EndGlobalSection
	GlobalSection(ProjectConfigurationPlatforms) = postSolution
		{D716466B-3742-56BD-3D3E-76503689CABD}.Debug|Any CPU.ActiveCfg = Debug|Any CPU
		{D716466B-3742-56BD-3D3E-76503689CABD}.Debug|Any CPU.Build.0 = Debug|Any CPU
		{D716466B-3742-56BD-3D3E-76503689CABD}.Release|Any CPU.ActiveCfg = Release|Any CPU
		{D716466B-3742-56BD-3D3E-76503689CABD}.Release|Any CPU.Build.0 = Release|Any CPU
	EndGlobalSection
	GlobalSection(SolutionProperties) = preSolution
		HideSolutionNode = FALSE
	EndGlobalSection
EndGlobal
