
Microsoft Visual Studio Solution File, Format Version 12.00
# Visual Studio 15
Project("{FAE04EC0-301F-11D3-BF4B-00C04F79EFBC}") = "Unity.Timeline", "Unity.Timeline.csproj", "{2C629FE4-955D-91DF-E1BF-9A6F2EF2BAFE}"
EndProject
Project("{FAE04EC0-301F-11D3-BF4B-00C04F79EFBC}") = "Unity.Timeline.Editor", "Unity.Timeline.Editor.csproj", "{B85EEA95-779F-1FC6-07E4-2E8F209C5DF4}"
EndProject
Project("{FAE04EC0-301F-11D3-BF4B-00C04F79EFBC}") = "Unity.TextMeshPro.Editor", "Unity.TextMeshPro.Editor.csproj", "{EC16FD54-654F-FFF0-9D67-F667329E90C6}"
EndProject
Project("{FAE04EC0-301F-11D3-BF4B-00C04F79EFBC}") = "Unity.VisualScripting.Flow", "Unity.VisualScripting.Flow.csproj", "{608F20B7-1645-4423-46AC-EB721126F841}"
EndProject
Project("{FAE04EC0-301F-11D3-BF4B-00C04F79EFBC}") = "UnityEditor.UI", "UnityEditor.UI.csproj", "{6F41E45A-ECBF-62EE-89C1-2F497A66A1C3}"
EndProject
Project("{FAE04EC0-301F-11D3-BF4B-00C04F79EFBC}") = "Unity.ProBuilder", "Unity.ProBuilder.csproj", "{1C2C341A-A556-BDB4-82B6-D35A30A8975A}"
EndProject
Project("{FAE04EC0-301F-11D3-BF4B-00C04F79EFBC}") = "Unity.PlasticSCM.Editor", "Unity.PlasticSCM.Editor.csproj", "{AEF87211-C65E-36EA-8337-CB1C5C02EE2D}"
EndProject
Project("{FAE04EC0-301F-11D3-BF4B-00C04F79EFBC}") = "Unity.ProBuilder.Editor", "Unity.ProBuilder.Editor.csproj", "{D428D529-0A9F-FD3F-F33C-73B7EC594BC8}"
EndProject
Project("{FAE04EC0-301F-11D3-BF4B-00C04F79EFBC}") = "Unity.VisualScripting.Core", "Unity.VisualScripting.Core.csproj", "{4376D669-F3F2-FF3F-1919-2528704A8ECD}"
EndProject
Project("{FAE04EC0-301F-11D3-BF4B-00C04F79EFBC}") = "Unity.VisualScripting.Core.Editor", "Unity.VisualScripting.Core.Editor.csproj", "{6312D6E1-E268-BF43-5B8F-FB244FB314F1}"
EndProject
Project("{FAE04EC0-301F-11D3-BF4B-00C04F79EFBC}") = "Unity.VisualScripting.Flow.Editor", "Unity.VisualScripting.Flow.Editor.csproj", "{22EAABB5-1444-4E63-2B9E-83A6B0C041D4}"
EndProject
Project("{FAE04EC0-301F-11D3-BF4B-00C04F79EFBC}") = "UnityEditor.TestRunner", "UnityEditor.TestRunner.csproj", "{EB1721A0-9304-A29D-38B4-C4830A777ED5}"
EndProject
Project("{FAE04EC0-301F-11D3-BF4B-00C04F79EFBC}") = "Unity.ProBuilder.Poly2Tri", "Unity.ProBuilder.Poly2Tri.csproj", "{AD0C8091-48D1-4D86-3839-78A4D7AA4E48}"
EndProject
Project("{FAE04EC0-301F-11D3-BF4B-00C04F79EFBC}") = "Unity.VisualScripting.SettingsProvider.Editor", "Unity.VisualScripting.SettingsProvider.Editor.csproj", "{DF982242-0004-4305-80ED-0968E0956E45}"
EndProject
Project("{FAE04EC0-301F-11D3-BF4B-00C04F79EFBC}") = "UnityEngine.TestRunner", "UnityEngine.TestRunner.csproj", "{1D9E8A95-3638-6ECF-C91D-7E09418C0892}"
EndProject
Project("{FAE04EC0-301F-11D3-BF4B-00C04F79EFBC}") = "UnityEngine.UI", "UnityEngine.UI.csproj", "{9889956B-DAE3-3EC5-29E3-C6DE3C77294F}"
EndProject
Project("{FAE04EC0-301F-11D3-BF4B-00C04F79EFBC}") = "Unity.ProBuilder.Csg", "Unity.ProBuilder.Csg.csproj", "{9072DFD1-7A8C-F2DA-ED38-2EAF77263361}"
EndProject
Project("{FAE04EC0-301F-11D3-BF4B-00C04F79EFBC}") = "Unity.VisualStudio.Editor", "Unity.VisualStudio.Editor.csproj", "{5ED6704A-12C2-D7C0-3396-FC60F7678155}"
EndProject
Project("{FAE04EC0-301F-11D3-BF4B-00C04F79EFBC}") = "Unity.TestTools.CodeCoverage.Editor.OpenCover.Model", "Unity.TestTools.CodeCoverage.Editor.OpenCover.Model.csproj", "{D362AC40-6A9A-127C-704F-79C621FC2575}"
EndProject
Project("{FAE04EC0-301F-11D3-BF4B-00C04F79EFBC}") = "Unity.Rider.Editor", "Unity.Rider.Editor.csproj", "{016BD016-D296-5D9C-9DF3-B0EF313D189C}"
EndProject
Project("{FAE04EC0-301F-11D3-BF4B-00C04F79EFBC}") = "Unity.VisualScripting.State.Editor", "Unity.VisualScripting.State.Editor.csproj", "{EEDC65B4-4007-348A-7A06-3BE72314EFAC}"
EndProject
Project("{FAE04EC0-301F-11D3-BF4B-00C04F79EFBC}") = "Unity.ProGrids.Editor", "Unity.ProGrids.Editor.csproj", "{7C47D638-B8B7-A4B9-5F96-56326206E844}"
EndProject
Project("{FAE04EC0-301F-11D3-BF4B-00C04F79EFBC}") = "Unity.TestTools.CodeCoverage.Editor", "Unity.TestTools.CodeCoverage.Editor.csproj", "{ABD554E7-4985-6A2A-A094-3BF14F2376B4}"
EndProject
Project("{FAE04EC0-301F-11D3-BF4B-00C04F79EFBC}") = "Unity.ProGrids", "Unity.ProGrids.csproj", "{2DCC15EF-BF99-29D3-3407-A63ADE911EE8}"
EndProject
Project("{FAE04EC0-301F-11D3-BF4B-00C04F79EFBC}") = "Unity.VisualScripting.State", "Unity.VisualScripting.State.csproj", "{3E6AE8BE-34BA-2F7E-D8F4-F36A4DE3F26D}"
EndProject
Project("{FAE04EC0-301F-11D3-BF4B-00C04F79EFBC}") = "Unity.TextMeshPro", "Unity.TextMeshPro.csproj", "{3E19D0AC-15E5-C908-BE89-813314815459}"
EndProject
Project("{FAE04EC0-301F-11D3-BF4B-00C04F79EFBC}") = "Assembly-CSharp", "Assembly-CSharp.csproj", "{D716466B-3742-56BD-3D3E-76503689CABD}"
EndProject
Project("{FAE04EC0-301F-11D3-BF4B-00C04F79EFBC}") = "Unity.Performance.Profile-Analyzer.Editor", "Unity.Performance.Profile-Analyzer.Editor.csproj", "{D6212916-3DDF-131B-CDD7-D44DEA593D9F}"
EndProject
Project("{FAE04EC0-301F-11D3-BF4B-00C04F79EFBC}") = "Unity.VSCode.Editor", "Unity.VSCode.Editor.csproj", "{2F7DCCF7-C698-A2E8-9E7E-7453EDCB42D4}"
EndProject
Project("{FAE04EC0-301F-11D3-BF4B-00C04F79EFBC}") = "Unity.TestTools.CodeCoverage.Editor.OpenCover.Mono.Reflection", "Unity.TestTools.CodeCoverage.Editor.OpenCover.Mono.Reflection.csproj", "{A6DAB51D-148C-5CEE-03D7-82A83AE2854A}"
EndProject
Project("{FAE04EC0-301F-11D3-BF4B-00C04F79EFBC}") = "Unity.ProBuilder.Stl", "Unity.ProBuilder.Stl.csproj", "{858C565C-CF80-1839-EB60-545C95AA0472}"
EndProject
Project("{FAE04EC0-301F-11D3-BF4B-00C04F79EFBC}") = "Unity.Settings.Editor", "Unity.Settings.Editor.csproj", "{CA266389-79DE-AF71-CC80-D124DCDD9CDA}"
EndProject
Project("{FAE04EC0-301F-11D3-BF4B-00C04F79EFBC}") = "Unity.ProBuilder.AssetIdRemapUtility", "Unity.ProBuilder.AssetIdRemapUtility.csproj", "{23A103E1-5BCD-6C41-FD93-2041A2417EC3}"
EndProject
Project("{FAE04EC0-301F-11D3-BF4B-00C04F79EFBC}") = "Unity.ProBuilder.KdTree", "Unity.ProBuilder.KdTree.csproj", "{B8C53694-CA09-606F-7452-526D6EC5FDEE}"
EndProject
Project("{FAE04EC0-301F-11D3-BF4B-00C04F79EFBC}") = "Unity.ProBuilder.AddOns.Editor", "Unity.ProBuilder.AddOns.Editor.csproj", "{ABFB7696-E04B-B691-E891-2E2E02347729}"
EndProject
Project("{FAE04EC0-301F-11D3-BF4B-00C04F79EFBC}") = "Unity.EditorCoroutines.Editor", "Unity.EditorCoroutines.Editor.csproj", "{D0B8DB40-E41B-3188-555E-466CC0CB2606}"
EndProject
Project("{FAE04EC0-301F-11D3-BF4B-00C04F79EFBC}") = "Assembly-CSharp-Editor", "Assembly-CSharp-Editor.csproj", "{6E0F3CDE-1370-F369-DC3F-4AF4D86E81EF}"
EndProject
Project("{FAE04EC0-301F-11D3-BF4B-00C04F79EFBC}") = "Unity.VisualScripting.Shared.Editor", "Unity.VisualScripting.Shared.Editor.csproj", "{FF231E37-AC0A-3127-3285-F0182941CA21}"
EndProject
Project("{FAE04EC0-301F-11D3-BF4B-00C04F79EFBC}") = "Unity.CollabProxy.Editor", "Unity.CollabProxy.Editor.csproj", "{5B605609-B79B-6759-504F-2A1C373F1198}"
EndProject
Project("{FAE04EC0-301F-11D3-BF4B-00C04F79EFBC}") = "Unity.Timeline", "Unity.Timeline.Player.csproj", "{755BA6A8-0595-0274-37DE-F8FF680AEC6F}"
EndProject
Project("{FAE04EC0-301F-11D3-BF4B-00C04F79EFBC}") = "Unity.VisualScripting.Flow", "Unity.VisualScripting.Flow.Player.csproj", "{F080511B-3CCF-1ADF-FB6A-A8801F294624}"
EndProject
Project("{FAE04EC0-301F-11D3-BF4B-00C04F79EFBC}") = "Unity.ProBuilder", "Unity.ProBuilder.Player.csproj", "{5C510018-02F3-8B36-F047-806CEF02B514}"
EndProject
Project("{FAE04EC0-301F-11D3-BF4B-00C04F79EFBC}") = "Unity.VisualScripting.Core", "Unity.VisualScripting.Core.Player.csproj", "{C1F42863-91AF-29A4-6F5B-E57F0D92333C}"
EndProject
Project("{FAE04EC0-301F-11D3-BF4B-00C04F79EFBC}") = "Unity.ProBuilder.Poly2Tri", "Unity.ProBuilder.Poly2Tri.Player.csproj", "{8D29565A-FFA0-D1C2-54A0-9A6352082C7C}"
EndProject
Project("{FAE04EC0-301F-11D3-BF4B-00C04F79EFBC}") = "UnityEngine.TestRunner", "UnityEngine.TestRunner.Player.csproj", "{EFF6BA0F-29F6-73A3-9522-5E4B633AC208}"
EndProject
Project("{FAE04EC0-301F-11D3-BF4B-00C04F79EFBC}") = "UnityEngine.UI", "UnityEngine.UI.Player.csproj", "{D08703D2-BDC1-5ED7-8841-61BDC85DD588}"
EndProject
Project("{FAE04EC0-301F-11D3-BF4B-00C04F79EFBC}") = "Unity.ProBuilder.Csg", "Unity.ProBuilder.Csg.Player.csproj", "{ADDE83AC-4D0B-16AD-C465-5E969A338941}"
EndProject
Project("{FAE04EC0-301F-11D3-BF4B-00C04F79EFBC}") = "Unity.ProGrids", "Unity.ProGrids.Player.csproj", "{9674B20E-6ABD-8477-9AFC-71F82C63A5CA}"
EndProject
Project("{FAE04EC0-301F-11D3-BF4B-00C04F79EFBC}") = "Unity.VisualScripting.State", "Unity.VisualScripting.State.Player.csproj", "{6FA42845-61B6-1913-EA0F-4BA36387C821}"
EndProject
Project("{FAE04EC0-301F-11D3-BF4B-00C04F79EFBC}") = "Unity.TextMeshPro", "Unity.TextMeshPro.Player.csproj", "{4699DE26-850A-EE97-AA7B-58D23CC08740}"
EndProject
Project("{FAE04EC0-301F-11D3-BF4B-00C04F79EFBC}") = "Assembly-CSharp", "Assembly-CSharp.Player.csproj", "{AF648300-A278-762A-141E-FD738E63D846}"
EndProject
Project("{FAE04EC0-301F-11D3-BF4B-00C04F79EFBC}") = "Unity.ProBuilder.Stl", "Unity.ProBuilder.Stl.Player.csproj", "{44344945-94AA-C02E-E7FD-C466DADA45F7}"
EndProject
Project("{FAE04EC0-301F-11D3-BF4B-00C04F79EFBC}") = "Unity.ProBuilder.KdTree", "Unity.ProBuilder.KdTree.Player.csproj", "{7C0B1D5E-2821-7B70-7026-4D249FDC7DF5}"
EndProject
Global
	GlobalSection(SolutionConfigurationPlatforms) = preSolution
		Debug|Any CPU = Debug|Any CPU
		Release|Any CPU = Release|Any CPU
	EndGlobalSection
	GlobalSection(ProjectConfigurationPlatforms) = postSolution
		{2C629FE4-955D-91DF-E1BF-9A6F2EF2BAFE}.Debug|Any CPU.ActiveCfg = Debug|Any CPU
		{2C629FE4-955D-91DF-E1BF-9A6F2EF2BAFE}.Debug|Any CPU.Build.0 = Debug|Any CPU
		{2C629FE4-955D-91DF-E1BF-9A6F2EF2BAFE}.Release|Any CPU.ActiveCfg = Release|Any CPU
		{2C629FE4-955D-91DF-E1BF-9A6F2EF2BAFE}.Release|Any CPU.Build.0 = Release|Any CPU
		{B85EEA95-779F-1FC6-07E4-2E8F209C5DF4}.Debug|Any CPU.ActiveCfg = Debug|Any CPU
		{B85EEA95-779F-1FC6-07E4-2E8F209C5DF4}.Debug|Any CPU.Build.0 = Debug|Any CPU
		{B85EEA95-779F-1FC6-07E4-2E8F209C5DF4}.Release|Any CPU.ActiveCfg = Release|Any CPU
		{B85EEA95-779F-1FC6-07E4-2E8F209C5DF4}.Release|Any CPU.Build.0 = Release|Any CPU
		{EC16FD54-654F-FFF0-9D67-F667329E90C6}.Debug|Any CPU.ActiveCfg = Debug|Any CPU
		{EC16FD54-654F-FFF0-9D67-F667329E90C6}.Debug|Any CPU.Build.0 = Debug|Any CPU
		{EC16FD54-654F-FFF0-9D67-F667329E90C6}.Release|Any CPU.ActiveCfg = Release|Any CPU
		{EC16FD54-654F-FFF0-9D67-F667329E90C6}.Release|Any CPU.Build.0 = Release|Any CPU
		{608F20B7-1645-4423-46AC-EB721126F841}.Debug|Any CPU.ActiveCfg = Debug|Any CPU
		{608F20B7-1645-4423-46AC-EB721126F841}.Debug|Any CPU.Build.0 = Debug|Any CPU
		{608F20B7-1645-4423-46AC-EB721126F841}.Release|Any CPU.ActiveCfg = Release|Any CPU
		{608F20B7-1645-4423-46AC-EB721126F841}.Release|Any CPU.Build.0 = Release|Any CPU
		{6F41E45A-ECBF-62EE-89C1-2F497A66A1C3}.Debug|Any CPU.ActiveCfg = Debug|Any CPU
		{6F41E45A-ECBF-62EE-89C1-2F497A66A1C3}.Debug|Any CPU.Build.0 = Debug|Any CPU
		{6F41E45A-ECBF-62EE-89C1-2F497A66A1C3}.Release|Any CPU.ActiveCfg = Release|Any CPU
		{6F41E45A-ECBF-62EE-89C1-2F497A66A1C3}.Release|Any CPU.Build.0 = Release|Any CPU
		{1C2C341A-A556-BDB4-82B6-D35A30A8975A}.Debug|Any CPU.ActiveCfg = Debug|Any CPU
		{1C2C341A-A556-BDB4-82B6-D35A30A8975A}.Debug|Any CPU.Build.0 = Debug|Any CPU
		{1C2C341A-A556-BDB4-82B6-D35A30A8975A}.Release|Any CPU.ActiveCfg = Release|Any CPU
		{1C2C341A-A556-BDB4-82B6-D35A30A8975A}.Release|Any CPU.Build.0 = Release|Any CPU
		{AEF87211-C65E-36EA-8337-CB1C5C02EE2D}.Debug|Any CPU.ActiveCfg = Debug|Any CPU
		{AEF87211-C65E-36EA-8337-CB1C5C02EE2D}.Debug|Any CPU.Build.0 = Debug|Any CPU
		{AEF87211-C65E-36EA-8337-CB1C5C02EE2D}.Release|Any CPU.ActiveCfg = Release|Any CPU
		{AEF87211-C65E-36EA-8337-CB1C5C02EE2D}.Release|Any CPU.Build.0 = Release|Any CPU
		{D428D529-0A9F-FD3F-F33C-73B7EC594BC8}.Debug|Any CPU.ActiveCfg = Debug|Any CPU
		{D428D529-0A9F-FD3F-F33C-73B7EC594BC8}.Debug|Any CPU.Build.0 = Debug|Any CPU
		{D428D529-0A9F-FD3F-F33C-73B7EC594BC8}.Release|Any CPU.ActiveCfg = Release|Any CPU
		{D428D529-0A9F-FD3F-F33C-73B7EC594BC8}.Release|Any CPU.Build.0 = Release|Any CPU
		{4376D669-F3F2-FF3F-1919-2528704A8ECD}.Debug|Any CPU.ActiveCfg = Debug|Any CPU
		{4376D669-F3F2-FF3F-1919-2528704A8ECD}.Debug|Any CPU.Build.0 = Debug|Any CPU
		{4376D669-F3F2-FF3F-1919-2528704A8ECD}.Release|Any CPU.ActiveCfg = Release|Any CPU
		{4376D669-F3F2-FF3F-1919-2528704A8ECD}.Release|Any CPU.Build.0 = Release|Any CPU
		{6312D6E1-E268-BF43-5B8F-FB244FB314F1}.Debug|Any CPU.ActiveCfg = Debug|Any CPU
		{6312D6E1-E268-BF43-5B8F-FB244FB314F1}.Debug|Any CPU.Build.0 = Debug|Any CPU
		{6312D6E1-E268-BF43-5B8F-FB244FB314F1}.Release|Any CPU.ActiveCfg = Release|Any CPU
		{6312D6E1-E268-BF43-5B8F-FB244FB314F1}.Release|Any CPU.Build.0 = Release|Any CPU
		{22EAABB5-1444-4E63-2B9E-83A6B0C041D4}.Debug|Any CPU.ActiveCfg = Debug|Any CPU
		{22EAABB5-1444-4E63-2B9E-83A6B0C041D4}.Debug|Any CPU.Build.0 = Debug|Any CPU
		{22EAABB5-1444-4E63-2B9E-83A6B0C041D4}.Release|Any CPU.ActiveCfg = Release|Any CPU
		{22EAABB5-1444-4E63-2B9E-83A6B0C041D4}.Release|Any CPU.Build.0 = Release|Any CPU
		{EB1721A0-9304-A29D-38B4-C4830A777ED5}.Debug|Any CPU.ActiveCfg = Debug|Any CPU
		{EB1721A0-9304-A29D-38B4-C4830A777ED5}.Debug|Any CPU.Build.0 = Debug|Any CPU
		{EB1721A0-9304-A29D-38B4-C4830A777ED5}.Release|Any CPU.ActiveCfg = Release|Any CPU
		{EB1721A0-9304-A29D-38B4-C4830A777ED5}.Release|Any CPU.Build.0 = Release|Any CPU
		{AD0C8091-48D1-4D86-3839-78A4D7AA4E48}.Debug|Any CPU.ActiveCfg = Debug|Any CPU
		{AD0C8091-48D1-4D86-3839-78A4D7AA4E48}.Debug|Any CPU.Build.0 = Debug|Any CPU
		{AD0C8091-48D1-4D86-3839-78A4D7AA4E48}.Release|Any CPU.ActiveCfg = Release|Any CPU
		{AD0C8091-48D1-4D86-3839-78A4D7AA4E48}.Release|Any CPU.Build.0 = Release|Any CPU
		{DF982242-0004-4305-80ED-0968E0956E45}.Debug|Any CPU.ActiveCfg = Debug|Any CPU
		{DF982242-0004-4305-80ED-0968E0956E45}.Debug|Any CPU.Build.0 = Debug|Any CPU
		{DF982242-0004-4305-80ED-0968E0956E45}.Release|Any CPU.ActiveCfg = Release|Any CPU
		{DF982242-0004-4305-80ED-0968E0956E45}.Release|Any CPU.Build.0 = Release|Any CPU
		{1D9E8A95-3638-6ECF-C91D-7E09418C0892}.Debug|Any CPU.ActiveCfg = Debug|Any CPU
		{1D9E8A95-3638-6ECF-C91D-7E09418C0892}.Debug|Any CPU.Build.0 = Debug|Any CPU
		{1D9E8A95-3638-6ECF-C91D-7E09418C0892}.Release|Any CPU.ActiveCfg = Release|Any CPU
		{1D9E8A95-3638-6ECF-C91D-7E09418C0892}.Release|Any CPU.Build.0 = Release|Any CPU
		{9889956B-DAE3-3EC5-29E3-C6DE3C77294F}.Debug|Any CPU.ActiveCfg = Debug|Any CPU
		{9889956B-DAE3-3EC5-29E3-C6DE3C77294F}.Debug|Any CPU.Build.0 = Debug|Any CPU
		{9889956B-DAE3-3EC5-29E3-C6DE3C77294F}.Release|Any CPU.ActiveCfg = Release|Any CPU
		{9889956B-DAE3-3EC5-29E3-C6DE3C77294F}.Release|Any CPU.Build.0 = Release|Any CPU
		{9072DFD1-7A8C-F2DA-ED38-2EAF77263361}.Debug|Any CPU.ActiveCfg = Debug|Any CPU
		{9072DFD1-7A8C-F2DA-ED38-2EAF77263361}.Debug|Any CPU.Build.0 = Debug|Any CPU
		{9072DFD1-7A8C-F2DA-ED38-2EAF77263361}.Release|Any CPU.ActiveCfg = Release|Any CPU
		{9072DFD1-7A8C-F2DA-ED38-2EAF77263361}.Release|Any CPU.Build.0 = Release|Any CPU
		{5ED6704A-12C2-D7C0-3396-FC60F7678155}.Debug|Any CPU.ActiveCfg = Debug|Any CPU
		{5ED6704A-12C2-D7C0-3396-FC60F7678155}.Debug|Any CPU.Build.0 = Debug|Any CPU
		{5ED6704A-12C2-D7C0-3396-FC60F7678155}.Release|Any CPU.ActiveCfg = Release|Any CPU
		{5ED6704A-12C2-D7C0-3396-FC60F7678155}.Release|Any CPU.Build.0 = Release|Any CPU
		{D362AC40-6A9A-127C-704F-79C621FC2575}.Debug|Any CPU.ActiveCfg = Debug|Any CPU
		{D362AC40-6A9A-127C-704F-79C621FC2575}.Debug|Any CPU.Build.0 = Debug|Any CPU
		{D362AC40-6A9A-127C-704F-79C621FC2575}.Release|Any CPU.ActiveCfg = Release|Any CPU
		{D362AC40-6A9A-127C-704F-79C621FC2575}.Release|Any CPU.Build.0 = Release|Any CPU
		{016BD016-D296-5D9C-9DF3-B0EF313D189C}.Debug|Any CPU.ActiveCfg = Debug|Any CPU
		{016BD016-D296-5D9C-9DF3-B0EF313D189C}.Debug|Any CPU.Build.0 = Debug|Any CPU
		{016BD016-D296-5D9C-9DF3-B0EF313D189C}.Release|Any CPU.ActiveCfg = Release|Any CPU
		{016BD016-D296-5D9C-9DF3-B0EF313D189C}.Release|Any CPU.Build.0 = Release|Any CPU
		{EEDC65B4-4007-348A-7A06-3BE72314EFAC}.Debug|Any CPU.ActiveCfg = Debug|Any CPU
		{EEDC65B4-4007-348A-7A06-3BE72314EFAC}.Debug|Any CPU.Build.0 = Debug|Any CPU
		{EEDC65B4-4007-348A-7A06-3BE72314EFAC}.Release|Any CPU.ActiveCfg = Release|Any CPU
		{EEDC65B4-4007-348A-7A06-3BE72314EFAC}.Release|Any CPU.Build.0 = Release|Any CPU
		{7C47D638-B8B7-A4B9-5F96-56326206E844}.Debug|Any CPU.ActiveCfg = Debug|Any CPU
		{7C47D638-B8B7-A4B9-5F96-56326206E844}.Debug|Any CPU.Build.0 = Debug|Any CPU
		{7C47D638-B8B7-A4B9-5F96-56326206E844}.Release|Any CPU.ActiveCfg = Release|Any CPU
		{7C47D638-B8B7-A4B9-5F96-56326206E844}.Release|Any CPU.Build.0 = Release|Any CPU
		{ABD554E7-4985-6A2A-A094-3BF14F2376B4}.Debug|Any CPU.ActiveCfg = Debug|Any CPU
		{ABD554E7-4985-6A2A-A094-3BF14F2376B4}.Debug|Any CPU.Build.0 = Debug|Any CPU
		{ABD554E7-4985-6A2A-A094-3BF14F2376B4}.Release|Any CPU.ActiveCfg = Release|Any CPU
		{ABD554E7-4985-6A2A-A094-3BF14F2376B4}.Release|Any CPU.Build.0 = Release|Any CPU
		{2DCC15EF-BF99-29D3-3407-A63ADE911EE8}.Debug|Any CPU.ActiveCfg = Debug|Any CPU
		{2DCC15EF-BF99-29D3-3407-A63ADE911EE8}.Debug|Any CPU.Build.0 = Debug|Any CPU
		{2DCC15EF-BF99-29D3-3407-A63ADE911EE8}.Release|Any CPU.ActiveCfg = Release|Any CPU
		{2DCC15EF-BF99-29D3-3407-A63ADE911EE8}.Release|Any CPU.Build.0 = Release|Any CPU
		{3E6AE8BE-34BA-2F7E-D8F4-F36A4DE3F26D}.Debug|Any CPU.ActiveCfg = Debug|Any CPU
		{3E6AE8BE-34BA-2F7E-D8F4-F36A4DE3F26D}.Debug|Any CPU.Build.0 = Debug|Any CPU
		{3E6AE8BE-34BA-2F7E-D8F4-F36A4DE3F26D}.Release|Any CPU.ActiveCfg = Release|Any CPU
		{3E6AE8BE-34BA-2F7E-D8F4-F36A4DE3F26D}.Release|Any CPU.Build.0 = Release|Any CPU
		{3E19D0AC-15E5-C908-BE89-813314815459}.Debug|Any CPU.ActiveCfg = Debug|Any CPU
		{3E19D0AC-15E5-C908-BE89-813314815459}.Debug|Any CPU.Build.0 = Debug|Any CPU
		{3E19D0AC-15E5-C908-BE89-813314815459}.Release|Any CPU.ActiveCfg = Release|Any CPU
		{3E19D0AC-15E5-C908-BE89-813314815459}.Release|Any CPU.Build.0 = Release|Any CPU
		{D716466B-3742-56BD-3D3E-76503689CABD}.Debug|Any CPU.ActiveCfg = Debug|Any CPU
		{D716466B-3742-56BD-3D3E-76503689CABD}.Debug|Any CPU.Build.0 = Debug|Any CPU
		{D716466B-3742-56BD-3D3E-76503689CABD}.Release|Any CPU.ActiveCfg = Release|Any CPU
		{D716466B-3742-56BD-3D3E-76503689CABD}.Release|Any CPU.Build.0 = Release|Any CPU
		{D6212916-3DDF-131B-CDD7-D44DEA593D9F}.Debug|Any CPU.ActiveCfg = Debug|Any CPU
		{D6212916-3DDF-131B-CDD7-D44DEA593D9F}.Debug|Any CPU.Build.0 = Debug|Any CPU
		{D6212916-3DDF-131B-CDD7-D44DEA593D9F}.Release|Any CPU.ActiveCfg = Release|Any CPU
		{D6212916-3DDF-131B-CDD7-D44DEA593D9F}.Release|Any CPU.Build.0 = Release|Any CPU
		{2F7DCCF7-C698-A2E8-9E7E-7453EDCB42D4}.Debug|Any CPU.ActiveCfg = Debug|Any CPU
		{2F7DCCF7-C698-A2E8-9E7E-7453EDCB42D4}.Debug|Any CPU.Build.0 = Debug|Any CPU
		{2F7DCCF7-C698-A2E8-9E7E-7453EDCB42D4}.Release|Any CPU.ActiveCfg = Release|Any CPU
		{2F7DCCF7-C698-A2E8-9E7E-7453EDCB42D4}.Release|Any CPU.Build.0 = Release|Any CPU
		{A6DAB51D-148C-5CEE-03D7-82A83AE2854A}.Debug|Any CPU.ActiveCfg = Debug|Any CPU
		{A6DAB51D-148C-5CEE-03D7-82A83AE2854A}.Debug|Any CPU.Build.0 = Debug|Any CPU
		{A6DAB51D-148C-5CEE-03D7-82A83AE2854A}.Release|Any CPU.ActiveCfg = Release|Any CPU
		{A6DAB51D-148C-5CEE-03D7-82A83AE2854A}.Release|Any CPU.Build.0 = Release|Any CPU
		{858C565C-CF80-1839-EB60-545C95AA0472}.Debug|Any CPU.ActiveCfg = Debug|Any CPU
		{858C565C-CF80-1839-EB60-545C95AA0472}.Debug|Any CPU.Build.0 = Debug|Any CPU
		{858C565C-CF80-1839-EB60-545C95AA0472}.Release|Any CPU.ActiveCfg = Release|Any CPU
		{858C565C-CF80-1839-EB60-545C95AA0472}.Release|Any CPU.Build.0 = Release|Any CPU
		{CA266389-79DE-AF71-CC80-D124DCDD9CDA}.Debug|Any CPU.ActiveCfg = Debug|Any CPU
		{CA266389-79DE-AF71-CC80-D124DCDD9CDA}.Debug|Any CPU.Build.0 = Debug|Any CPU
		{CA266389-79DE-AF71-CC80-D124DCDD9CDA}.Release|Any CPU.ActiveCfg = Release|Any CPU
		{CA266389-79DE-AF71-CC80-D124DCDD9CDA}.Release|Any CPU.Build.0 = Release|Any CPU
		{23A103E1-5BCD-6C41-FD93-2041A2417EC3}.Debug|Any CPU.ActiveCfg = Debug|Any CPU
		{23A103E1-5BCD-6C41-FD93-2041A2417EC3}.Debug|Any CPU.Build.0 = Debug|Any CPU
		{23A103E1-5BCD-6C41-FD93-2041A2417EC3}.Release|Any CPU.ActiveCfg = Release|Any CPU
		{23A103E1-5BCD-6C41-FD93-2041A2417EC3}.Release|Any CPU.Build.0 = Release|Any CPU
		{B8C53694-CA09-606F-7452-526D6EC5FDEE}.Debug|Any CPU.ActiveCfg = Debug|Any CPU
		{B8C53694-CA09-606F-7452-526D6EC5FDEE}.Debug|Any CPU.Build.0 = Debug|Any CPU
		{B8C53694-CA09-606F-7452-526D6EC5FDEE}.Release|Any CPU.ActiveCfg = Release|Any CPU
		{B8C53694-CA09-606F-7452-526D6EC5FDEE}.Release|Any CPU.Build.0 = Release|Any CPU
		{ABFB7696-E04B-B691-E891-2E2E02347729}.Debug|Any CPU.ActiveCfg = Debug|Any CPU
		{ABFB7696-E04B-B691-E891-2E2E02347729}.Debug|Any CPU.Build.0 = Debug|Any CPU
		{ABFB7696-E04B-B691-E891-2E2E02347729}.Release|Any CPU.ActiveCfg = Release|Any CPU
		{ABFB7696-E04B-B691-E891-2E2E02347729}.Release|Any CPU.Build.0 = Release|Any CPU
		{D0B8DB40-E41B-3188-555E-466CC0CB2606}.Debug|Any CPU.ActiveCfg = Debug|Any CPU
		{D0B8DB40-E41B-3188-555E-466CC0CB2606}.Debug|Any CPU.Build.0 = Debug|Any CPU
		{D0B8DB40-E41B-3188-555E-466CC0CB2606}.Release|Any CPU.ActiveCfg = Release|Any CPU
		{D0B8DB40-E41B-3188-555E-466CC0CB2606}.Release|Any CPU.Build.0 = Release|Any CPU
		{6E0F3CDE-1370-F369-DC3F-4AF4D86E81EF}.Debug|Any CPU.ActiveCfg = Debug|Any CPU
		{6E0F3CDE-1370-F369-DC3F-4AF4D86E81EF}.Debug|Any CPU.Build.0 = Debug|Any CPU
		{6E0F3CDE-1370-F369-DC3F-4AF4D86E81EF}.Release|Any CPU.ActiveCfg = Release|Any CPU
		{6E0F3CDE-1370-F369-DC3F-4AF4D86E81EF}.Release|Any CPU.Build.0 = Release|Any CPU
		{FF231E37-AC0A-3127-3285-F0182941CA21}.Debug|Any CPU.ActiveCfg = Debug|Any CPU
		{FF231E37-AC0A-3127-3285-F0182941CA21}.Debug|Any CPU.Build.0 = Debug|Any CPU
		{FF231E37-AC0A-3127-3285-F0182941CA21}.Release|Any CPU.ActiveCfg = Release|Any CPU
		{FF231E37-AC0A-3127-3285-F0182941CA21}.Release|Any CPU.Build.0 = Release|Any CPU
		{5B605609-B79B-6759-504F-2A1C373F1198}.Debug|Any CPU.ActiveCfg = Debug|Any CPU
		{5B605609-B79B-6759-504F-2A1C373F1198}.Debug|Any CPU.Build.0 = Debug|Any CPU
		{5B605609-B79B-6759-504F-2A1C373F1198}.Release|Any CPU.ActiveCfg = Release|Any CPU
		{5B605609-B79B-6759-504F-2A1C373F1198}.Release|Any CPU.Build.0 = Release|Any CPU
		{755BA6A8-0595-0274-37DE-F8FF680AEC6F}.Debug|Any CPU.ActiveCfg = Debug|Any CPU
		{755BA6A8-0595-0274-37DE-F8FF680AEC6F}.Debug|Any CPU.Build.0 = Debug|Any CPU
		{755BA6A8-0595-0274-37DE-F8FF680AEC6F}.Release|Any CPU.ActiveCfg = Release|Any CPU
		{755BA6A8-0595-0274-37DE-F8FF680AEC6F}.Release|Any CPU.Build.0 = Release|Any CPU
		{F080511B-3CCF-1ADF-FB6A-A8801F294624}.Debug|Any CPU.ActiveCfg = Debug|Any CPU
		{F080511B-3CCF-1ADF-FB6A-A8801F294624}.Debug|Any CPU.Build.0 = Debug|Any CPU
		{F080511B-3CCF-1ADF-FB6A-A8801F294624}.Release|Any CPU.ActiveCfg = Release|Any CPU
		{F080511B-3CCF-1ADF-FB6A-A8801F294624}.Release|Any CPU.Build.0 = Release|Any CPU
		{5C510018-02F3-8B36-F047-806CEF02B514}.Debug|Any CPU.ActiveCfg = Debug|Any CPU
		{5C510018-02F3-8B36-F047-806CEF02B514}.Debug|Any CPU.Build.0 = Debug|Any CPU
		{5C510018-02F3-8B36-F047-806CEF02B514}.Release|Any CPU.ActiveCfg = Release|Any CPU
		{5C510018-02F3-8B36-F047-806CEF02B514}.Release|Any CPU.Build.0 = Release|Any CPU
		{C1F42863-91AF-29A4-6F5B-E57F0D92333C}.Debug|Any CPU.ActiveCfg = Debug|Any CPU
		{C1F42863-91AF-29A4-6F5B-E57F0D92333C}.Debug|Any CPU.Build.0 = Debug|Any CPU
		{C1F42863-91AF-29A4-6F5B-E57F0D92333C}.Release|Any CPU.ActiveCfg = Release|Any CPU
		{C1F42863-91AF-29A4-6F5B-E57F0D92333C}.Release|Any CPU.Build.0 = Release|Any CPU
		{8D29565A-FFA0-D1C2-54A0-9A6352082C7C}.Debug|Any CPU.ActiveCfg = Debug|Any CPU
		{8D29565A-FFA0-D1C2-54A0-9A6352082C7C}.Debug|Any CPU.Build.0 = Debug|Any CPU
		{8D29565A-FFA0-D1C2-54A0-9A6352082C7C}.Release|Any CPU.ActiveCfg = Release|Any CPU
		{8D29565A-FFA0-D1C2-54A0-9A6352082C7C}.Release|Any CPU.Build.0 = Release|Any CPU
		{EFF6BA0F-29F6-73A3-9522-5E4B633AC208}.Debug|Any CPU.ActiveCfg = Debug|Any CPU
		{EFF6BA0F-29F6-73A3-9522-5E4B633AC208}.Debug|Any CPU.Build.0 = Debug|Any CPU
		{EFF6BA0F-29F6-73A3-9522-5E4B633AC208}.Release|Any CPU.ActiveCfg = Release|Any CPU
		{EFF6BA0F-29F6-73A3-9522-5E4B633AC208}.Release|Any CPU.Build.0 = Release|Any CPU
		{D08703D2-BDC1-5ED7-8841-61BDC85DD588}.Debug|Any CPU.ActiveCfg = Debug|Any CPU
		{D08703D2-BDC1-5ED7-8841-61BDC85DD588}.Debug|Any CPU.Build.0 = Debug|Any CPU
		{D08703D2-BDC1-5ED7-8841-61BDC85DD588}.Release|Any CPU.ActiveCfg = Release|Any CPU
		{D08703D2-BDC1-5ED7-8841-61BDC85DD588}.Release|Any CPU.Build.0 = Release|Any CPU
		{ADDE83AC-4D0B-16AD-C465-5E969A338941}.Debug|Any CPU.ActiveCfg = Debug|Any CPU
		{ADDE83AC-4D0B-16AD-C465-5E969A338941}.Debug|Any CPU.Build.0 = Debug|Any CPU
		{ADDE83AC-4D0B-16AD-C465-5E969A338941}.Release|Any CPU.ActiveCfg = Release|Any CPU
		{ADDE83AC-4D0B-16AD-C465-5E969A338941}.Release|Any CPU.Build.0 = Release|Any CPU
		{9674B20E-6ABD-8477-9AFC-71F82C63A5CA}.Debug|Any CPU.ActiveCfg = Debug|Any CPU
		{9674B20E-6ABD-8477-9AFC-71F82C63A5CA}.Debug|Any CPU.Build.0 = Debug|Any CPU
		{9674B20E-6ABD-8477-9AFC-71F82C63A5CA}.Release|Any CPU.ActiveCfg = Release|Any CPU
		{9674B20E-6ABD-8477-9AFC-71F82C63A5CA}.Release|Any CPU.Build.0 = Release|Any CPU
		{6FA42845-61B6-1913-EA0F-4BA36387C821}.Debug|Any CPU.ActiveCfg = Debug|Any CPU
		{6FA42845-61B6-1913-EA0F-4BA36387C821}.Debug|Any CPU.Build.0 = Debug|Any CPU
		{6FA42845-61B6-1913-EA0F-4BA36387C821}.Release|Any CPU.ActiveCfg = Release|Any CPU
		{6FA42845-61B6-1913-EA0F-4BA36387C821}.Release|Any CPU.Build.0 = Release|Any CPU
		{4699DE26-850A-EE97-AA7B-58D23CC08740}.Debug|Any CPU.ActiveCfg = Debug|Any CPU
		{4699DE26-850A-EE97-AA7B-58D23CC08740}.Debug|Any CPU.Build.0 = Debug|Any CPU
		{4699DE26-850A-EE97-AA7B-58D23CC08740}.Release|Any CPU.ActiveCfg = Release|Any CPU
		{4699DE26-850A-EE97-AA7B-58D23CC08740}.Release|Any CPU.Build.0 = Release|Any CPU
		{AF648300-A278-762A-141E-FD738E63D846}.Debug|Any CPU.ActiveCfg = Debug|Any CPU
		{AF648300-A278-762A-141E-FD738E63D846}.Debug|Any CPU.Build.0 = Debug|Any CPU
		{AF648300-A278-762A-141E-FD738E63D846}.Release|Any CPU.ActiveCfg = Release|Any CPU
		{AF648300-A278-762A-141E-FD738E63D846}.Release|Any CPU.Build.0 = Release|Any CPU
		{44344945-94AA-C02E-E7FD-C466DADA45F7}.Debug|Any CPU.ActiveCfg = Debug|Any CPU
		{44344945-94AA-C02E-E7FD-C466DADA45F7}.Debug|Any CPU.Build.0 = Debug|Any CPU
		{44344945-94AA-C02E-E7FD-C466DADA45F7}.Release|Any CPU.ActiveCfg = Release|Any CPU
		{44344945-94AA-C02E-E7FD-C466DADA45F7}.Release|Any CPU.Build.0 = Release|Any CPU
		{7C0B1D5E-2821-7B70-7026-4D249FDC7DF5}.Debug|Any CPU.ActiveCfg = Debug|Any CPU
		{7C0B1D5E-2821-7B70-7026-4D249FDC7DF5}.Debug|Any CPU.Build.0 = Debug|Any CPU
		{7C0B1D5E-2821-7B70-7026-4D249FDC7DF5}.Release|Any CPU.ActiveCfg = Release|Any CPU
		{7C0B1D5E-2821-7B70-7026-4D249FDC7DF5}.Release|Any CPU.Build.0 = Release|Any CPU
	EndGlobalSection
	GlobalSection(SolutionProperties) = preSolution
		HideSolutionNode = FALSE
	EndGlobalSection
EndGlobal
